
Microsoft Visual Studio Solution File, Format Version 12.00
# Visual Studio Version 17
VisualStudioVersion = 17.14.36408.4 d17.14
MinimumVisualStudioVersion = 10.0.40219.1
Project("{FAE04EC0-301F-11D3-BF4B-00C04F79EFBC}") = "Day 8", "Day 8.csproj", "{C071C3A7-502A-4DD1-ADBF-B01BE4758FAF}"
EndProject
Global
	GlobalSection(SolutionConfigurationPlatforms) = preSolution
		Debug|Any CPU = Debug|Any CPU
		Release|Any CPU = Release|Any CPU
	EndGlobalSection
	GlobalSection(ProjectConfigurationPlatforms) = postSolution
		{C071C3A7-502A-4DD1-ADBF-B01BE4758FAF}.Debug|Any CPU.ActiveCfg = Debug|Any CPU
		{C071C3A7-502A-4DD1-ADBF-B01BE4758FAF}.Debug|Any CPU.Build.0 = Debug|Any CPU
		{C071C3A7-502A-4DD1-ADBF-B01BE4758FAF}.Release|Any CPU.ActiveCfg = Release|Any CPU
		{C071C3A7-502A-4DD1-ADBF-B01BE4758FAF}.Release|Any CPU.Build.0 = Release|Any CPU
	EndGlobalSection
	GlobalSection(SolutionProperties) = preSolution
		HideSolutionNode = FALSE
	EndGlobalSection
	GlobalSection(ExtensibilityGlobals) = postSolution
		SolutionGuid = {2C764CD3-F16D-483E-99CE-E9B610D495B8}
	EndGlobalSection
EndGlobal
